{
  "name": "@serbanghita-gamedev/demo-collision-detection",
  "version": "1.0.0",
  "lockfileVersion": 3,
  "requires": true,
  "packages": {
    "": {
      "name": "@serbanghita-gamedev/demo-collision-detection",
      "version": "1.0.0",
      "license": "All code is MIT, the assets are copywritten."
    }
  }
}
